
Microsoft Visual Studio Solution File, Format Version 12.00
# Visual Studio Version 16
VisualStudioVersion = 16.0.30523.141
MinimumVisualStudioVersion = 10.0.40219.1
Project("{FAE04EC0-301F-11D3-BF4B-00C04F79EFBC}") = "Chill_Shop", "Chill_Shop\Chill_Shop.csproj", "{1E059302-1080-4252-AE9E-D46D94F5A078}"
EndProject
Global
	GlobalSection(SolutionConfigurationPlatforms) = preSolution
		Debug|Any CPU = Debug|Any CPU
		Release|Any CPU = Release|Any CPU
	EndGlobalSection
	GlobalSection(ProjectConfigurationPlatforms) = postSolution
		{1E059302-1080-4252-AE9E-D46D94F5A078}.Debug|Any CPU.ActiveCfg = Debug|Any CPU
		{1E059302-1080-4252-AE9E-D46D94F5A078}.Debug|Any CPU.Build.0 = Debug|Any CPU
		{1E059302-1080-4252-AE9E-D46D94F5A078}.Release|Any CPU.ActiveCfg = Release|Any CPU
		{1E059302-1080-4252-AE9E-D46D94F5A078}.Release|Any CPU.Build.0 = Release|Any CPU
	EndGlobalSection
	GlobalSection(SolutionProperties) = preSolution
		HideSolutionNode = FALSE
	EndGlobalSection
	GlobalSection(ExtensibilityGlobals) = postSolution
		SolutionGuid = {63B17B19-B9C7-4831-8201-5A759AF18204}
	EndGlobalSection
EndGlobal
